
Microsoft Visual Studio Solution File, Format Version 12.00
# Visual Studio Version 16
VisualStudioVersion = 16.0.33214.272
MinimumVisualStudioVersion = 10.0.40219.1
Project("{FAE04EC0-301F-11D3-BF4B-00C04F79EFBC}") = "GitFun", "GitFun\GitFun.csproj", "{2840773B-2099-4DC2-BF9B-E480ADD74A25}"
EndProject
Global
	GlobalSection(SolutionConfigurationPlatforms) = preSolution
		Debug|Any CPU = Debug|Any CPU
		Release|Any CPU = Release|Any CPU
	EndGlobalSection
	GlobalSection(ProjectConfigurationPlatforms) = postSolution
		{2840773B-2099-4DC2-BF9B-E480ADD74A25}.Debug|Any CPU.ActiveCfg = Debug|Any CPU
		{2840773B-2099-4DC2-BF9B-E480ADD74A25}.Debug|Any CPU.Build.0 = Debug|Any CPU
		{2840773B-2099-4DC2-BF9B-E480ADD74A25}.Release|Any CPU.ActiveCfg = Release|Any CPU
		{2840773B-2099-4DC2-BF9B-E480ADD74A25}.Release|Any CPU.Build.0 = Release|Any CPU
	EndGlobalSection
	GlobalSection(SolutionProperties) = preSolution
		HideSolutionNode = FALSE
	EndGlobalSection
	GlobalSection(ExtensibilityGlobals) = postSolution
		SolutionGuid = {BCE3304B-8C42-402B-A478-CDBE51C3B225}
	EndGlobalSection
EndGlobal
